<?xml version="1.0" encoding="utf-8"?>
<Project ToolsVersion="4.0" xmlns="http://schemas.microsoft.com/developer/msbuild/2003">
  <ItemGroup>
    <Filter Include="Core">
      <UniqueIdentifier>{a1b2c3d4-0001-0000-0000-000000000001}</UniqueIdentifier>
    </Filter>
    <Filter Include="Network">
      <UniqueIdentifier>{a1b2c3d4-0002-0000-0000-000000000002}</UniqueIdentifier>
    </Filter>
    <Filter Include="Game">
      <UniqueIdentifier>{a1b2c3d4-0003-0000-0000-000000000003}</UniqueIdentifier>
    </Filter>
    <Filter Include="Map">
      <UniqueIdentifier>{a1b2c3d4-0004-0000-0000-000000000004}</UniqueIdentifier>
    </Filter>
    <Filter Include="DB">
      <UniqueIdentifier>{a1b2c3d4-0005-0000-0000-000000000005}</UniqueIdentifier>
    </Filter>
  </ItemGroup>
  <ItemGroup>
    <ClCompile Include="main.cpp" />
    <ClCompile Include="Core\GlobalQueue.cpp">
      <Filter>Core</Filter>
    </ClCompile>
    <ClCompile Include="Core\JobQueue.cpp">
      <Filter>Core</Filter>
    </ClCompile>
    <ClCompile Include="Core\Logger.cpp">
      <Filter>Core</Filter>
    </ClCompile>
    <ClCompile Include="Network\IOCPServer.cpp">
      <Filter>Network</Filter>
    </ClCompile>
    <ClCompile Include="Network\Packet.cpp">
      <Filter>Network</Filter>
    </ClCompile>
    <ClCompile Include="Network\PacketProc.cpp">
      <Filter>Network</Filter>
    </ClCompile>
    <ClCompile Include="Network\RingBuffer.cpp">
      <Filter>Network</Filter>
    </ClCompile>
    <ClCompile Include="Network\Session.cpp">
      <Filter>Network</Filter>
    </ClCompile>
    <ClCompile Include="Game\GameServer.cpp">
      <Filter>Game</Filter>
    </ClCompile>
    <ClCompile Include="Game\PacketHandler.cpp">
      <Filter>Game</Filter>
    </ClCompile>
    <ClCompile Include="Map\GridMap.cpp">
      <Filter>Map</Filter>
    </ClCompile>
    <ClCompile Include="Map\AStar.cpp">
      <Filter>Map</Filter>
    </ClCompile>
    <ClCompile Include="DB\DBClient.cpp">
      <Filter>DB</Filter>
    </ClCompile>
    <ClCompile Include="DB\AuthClient.cpp">
      <Filter>DB</Filter>
    </ClCompile>
  </ItemGroup>
  <ItemGroup>
    <ClInclude Include="ServerConfig.h" />
    <ClInclude Include="Core\GlobalQueue.h">
      <Filter>Core</Filter>
    </ClInclude>
    <ClInclude Include="Core\Job.h">
      <Filter>Core</Filter>
    </ClInclude>
    <ClInclude Include="Core\JobQueue.h">
      <Filter>Core</Filter>
    </ClInclude>
    <ClInclude Include="Core\Logger.h">
      <Filter>Core</Filter>
    </ClInclude>
    <ClInclude Include="Core\MemoryPool.h">
      <Filter>Core</Filter>
    </ClInclude>
    <ClInclude Include="Network\IOCPServer.h">
      <Filter>Network</Filter>
    </ClInclude>
    <ClInclude Include="Network\Packet.h">
      <Filter>Network</Filter>
    </ClInclude>
    <ClInclude Include="Network\PacketProc.h">
      <Filter>Network</Filter>
    </ClInclude>
    <ClInclude Include="Network\RingBuffer.h">
      <Filter>Network</Filter>
    </ClInclude>
    <ClInclude Include="Network\Session.h">
      <Filter>Network</Filter>
    </ClInclude>
    <ClInclude Include="Game\Creature.h">
      <Filter>Game</Filter>
    </ClInclude>
    <ClInclude Include="Game\GameMap.h">
      <Filter>Game</Filter>
    </ClInclude>
    <ClInclude Include="Game\GameServer.h">
      <Filter>Game</Filter>
    </ClInclude>
    <ClInclude Include="Game\Monster.h">
      <Filter>Game</Filter>
    </ClInclude>
    <ClInclude Include="Game\PacketTypes.h">
      <Filter>Game</Filter>
    </ClInclude>
    <ClInclude Include="Game\Player.h">
      <Filter>Game</Filter>
    </ClInclude>
    <ClInclude Include="Map\AStar.h">
      <Filter>Map</Filter>
    </ClInclude>
    <ClInclude Include="Map\GridMap.h">
      <Filter>Map</Filter>
    </ClInclude>
    <ClInclude Include="DB\AuthClient.h">
      <Filter>DB</Filter>
    </ClInclude>
    <ClInclude Include="DB\DBClient.h">
      <Filter>DB</Filter>
    </ClInclude>
  </ItemGroup>
</Project>
